
Microsoft Visual Studio Solution File, Format Version 12.00
# Visual Studio 2012
Project("{FAE04EC0-301F-11D3-BF4B-00C04F79EFBC}") = "RefitTestApp", "RefitTestApp\RefitTestApp.csproj", "{4DE8A62F-8836-4E55-9373-2A70FA8D54FB}"
EndProject
Project("{FAE04EC0-301F-11D3-BF4B-00C04F79EFBC}") = "RefitTestApp.iOS", "iOS\RefitTestApp.iOS.csproj", "{476FA83F-620B-458E-A978-58D3A439CE83}"
EndProject
Project("{FAE04EC0-301F-11D3-BF4B-00C04F79EFBC}") = "RefitTestApp.Droid", "Droid\RefitTestApp.Droid.csproj", "{3D0C67D0-1405-4128-A8C6-9CAD2978A74D}"
EndProject
Global
	GlobalSection(SolutionConfigurationPlatforms) = preSolution
		Debug|Any CPU = Debug|Any CPU
		Release|Any CPU = Release|Any CPU
		Debug|iPhoneSimulator = Debug|iPhoneSimulator
		Release|iPhone = Release|iPhone
		Release|iPhoneSimulator = Release|iPhoneSimulator
		Debug|iPhone = Debug|iPhone
	EndGlobalSection
	GlobalSection(ProjectConfigurationPlatforms) = postSolution
		{4DE8A62F-8836-4E55-9373-2A70FA8D54FB}.Debug|Any CPU.ActiveCfg = Debug|Any CPU
		{4DE8A62F-8836-4E55-9373-2A70FA8D54FB}.Debug|Any CPU.Build.0 = Debug|Any CPU
		{4DE8A62F-8836-4E55-9373-2A70FA8D54FB}.Release|Any CPU.ActiveCfg = Release|Any CPU
		{4DE8A62F-8836-4E55-9373-2A70FA8D54FB}.Release|Any CPU.Build.0 = Release|Any CPU
		{4DE8A62F-8836-4E55-9373-2A70FA8D54FB}.Debug|iPhoneSimulator.ActiveCfg = Debug|Any CPU
		{4DE8A62F-8836-4E55-9373-2A70FA8D54FB}.Debug|iPhoneSimulator.Build.0 = Debug|Any CPU
		{4DE8A62F-8836-4E55-9373-2A70FA8D54FB}.Release|iPhone.ActiveCfg = Release|Any CPU
		{4DE8A62F-8836-4E55-9373-2A70FA8D54FB}.Release|iPhone.Build.0 = Release|Any CPU
		{4DE8A62F-8836-4E55-9373-2A70FA8D54FB}.Release|iPhoneSimulator.ActiveCfg = Release|Any CPU
		{4DE8A62F-8836-4E55-9373-2A70FA8D54FB}.Release|iPhoneSimulator.Build.0 = Release|Any CPU
		{4DE8A62F-8836-4E55-9373-2A70FA8D54FB}.Debug|iPhone.ActiveCfg = Debug|Any CPU
		{4DE8A62F-8836-4E55-9373-2A70FA8D54FB}.Debug|iPhone.Build.0 = Debug|Any CPU
		{476FA83F-620B-458E-A978-58D3A439CE83}.Debug|Any CPU.ActiveCfg = Debug|iPhoneSimulator
		{476FA83F-620B-458E-A978-58D3A439CE83}.Debug|Any CPU.Build.0 = Debug|iPhoneSimulator
		{476FA83F-620B-458E-A978-58D3A439CE83}.Release|Any CPU.ActiveCfg = Release|iPhone
		{476FA83F-620B-458E-A978-58D3A439CE83}.Release|Any CPU.Build.0 = Release|iPhone
		{476FA83F-620B-458E-A978-58D3A439CE83}.Debug|iPhoneSimulator.ActiveCfg = Debug|iPhoneSimulator
		{476FA83F-620B-458E-A978-58D3A439CE83}.Debug|iPhoneSimulator.Build.0 = Debug|iPhoneSimulator
		{476FA83F-620B-458E-A978-58D3A439CE83}.Release|iPhone.ActiveCfg = Release|iPhone
		{476FA83F-620B-458E-A978-58D3A439CE83}.Release|iPhone.Build.0 = Release|iPhone
		{476FA83F-620B-458E-A978-58D3A439CE83}.Release|iPhoneSimulator.ActiveCfg = Release|iPhoneSimulator
		{476FA83F-620B-458E-A978-58D3A439CE83}.Release|iPhoneSimulator.Build.0 = Release|iPhoneSimulator
		{476FA83F-620B-458E-A978-58D3A439CE83}.Debug|iPhone.ActiveCfg = Debug|iPhone
		{476FA83F-620B-458E-A978-58D3A439CE83}.Debug|iPhone.Build.0 = Debug|iPhone
		{3D0C67D0-1405-4128-A8C6-9CAD2978A74D}.Debug|Any CPU.ActiveCfg = Debug|Any CPU
		{3D0C67D0-1405-4128-A8C6-9CAD2978A74D}.Debug|Any CPU.Build.0 = Debug|Any CPU
		{3D0C67D0-1405-4128-A8C6-9CAD2978A74D}.Release|Any CPU.ActiveCfg = Release|Any CPU
		{3D0C67D0-1405-4128-A8C6-9CAD2978A74D}.Release|Any CPU.Build.0 = Release|Any CPU
		{3D0C67D0-1405-4128-A8C6-9CAD2978A74D}.Debug|iPhoneSimulator.ActiveCfg = Debug|Any CPU
		{3D0C67D0-1405-4128-A8C6-9CAD2978A74D}.Debug|iPhoneSimulator.Build.0 = Debug|Any CPU
		{3D0C67D0-1405-4128-A8C6-9CAD2978A74D}.Release|iPhone.ActiveCfg = Release|Any CPU
		{3D0C67D0-1405-4128-A8C6-9CAD2978A74D}.Release|iPhone.Build.0 = Release|Any CPU
		{3D0C67D0-1405-4128-A8C6-9CAD2978A74D}.Release|iPhoneSimulator.ActiveCfg = Release|Any CPU
		{3D0C67D0-1405-4128-A8C6-9CAD2978A74D}.Release|iPhoneSimulator.Build.0 = Release|Any CPU
		{3D0C67D0-1405-4128-A8C6-9CAD2978A74D}.Debug|iPhone.ActiveCfg = Debug|Any CPU
		{3D0C67D0-1405-4128-A8C6-9CAD2978A74D}.Debug|iPhone.Build.0 = Debug|Any CPU
	EndGlobalSection
EndGlobal
